<Solution>
  <Folder Name="/src/">
    <Project Path="src/CareNest.Api/CareNest.Api.csproj" />
    <Project Path="src/CareNest.AppHost/CareNest.AppHost.csproj" />
    <Project Path="src/CareNest.ServiceDefaults/CareNest.ServiceDefaults.csproj" />
    <Project Path="src/CareNest.SharedKernel/CareNest.SharedKernel.csproj" />
  </Folder>
  <Folder Name="/tests/">
    <Project Path="tests/CareNest.Api.IntegrationTests/CareNest.Api.IntegrationTests.csproj" />
    <Project Path="tests/CareNest.SharedKernel.Tests/CareNest.SharedKernel.Tests.csproj" />
  </Folder>
</Solution>
